// !$*UTF8*$!
{
	archiveVersion = 1;
	classes = {
	};
	objectVersion = 46;
	objects = {

/* Begin PBXBuildFile section */
		875000FB1F21B1FE00D0E693 /* AppDelegate.swift in Sources */ = {isa = PBXBuildFile; fileRef = 875000FA1F21B1FE00D0E693 /* AppDelegate.swift */; };
		875000FD1F21B1FE00D0E693 /* ViewController.swift in Sources */ = {isa = PBXBuildFile; fileRef = 875000FC1F21B1FE00D0E693 /* ViewController.swift */; };
		875001001F21B1FE00D0E693 /* Main.storyboard in Resources */ = {isa = PBXBuildFile; fileRef = 875000FE1F21B1FE00D0E693 /* Main.storyboard */; };
		875001021F21B1FE00D0E693 /* Assets.xcassets in Resources */ = {isa = PBXBuildFile; fileRef = 875001011F21B1FE00D0E693 /* Assets.xcassets */; };
		875001051F21B1FE00D0E693 /* LaunchScreen.storyboard in Resources */ = {isa = PBXBuildFile; fileRef = 875001031F21B1FE00D0E693 /* LaunchScreen.storyboard */; };
/* End PBXBuildFile section */

/* Begin PBXFileReference section */
		875000F71F21B1FD00D0E693 /* CNContactPicker.app */ = {isa = PBXFileReference; explicitFileType = wrapper.application; includeInIndex = 0; path = CNContactPicker.app; sourceTree = BUILT_PRODUCTS_DIR; };
		875000FA1F21B1FE00D0E693 /* AppDelegate.swift */ = {isa = PBXFileReference; lastKnownFileType = sourcecode.swift; path = AppDelegate.swift; sourceTree = "<group>"; };
		875000FC1F21B1FE00D0E693 /* ViewController.swift */ = {isa = PBXFileReference; lastKnownFileType = sourcecode.swift; path = ViewController.swift; sourceTree = "<group>"; };
		875000FF1F21B1FE00D0E693 /* Base */ = {isa = PBXFileReference; lastKnownFileType = file.storyboard; name = Base; path = Base.lproj/Main.storyboard; sourceTree = "<group>"; };
		875001011F21B1FE00D0E693 /* Assets.xcassets */ = {isa = PBXFileReference; lastKnownFileType = folder.assetcatalog; path = Assets.xcassets; sourceTree = "<group>"; };
		875001041F21B1FE00D0E693 /* Base */ = {isa = PBXFileReference; lastKnownFileType = file.storyboard; name = Base; path = Base.lproj/LaunchScreen.storyboard; sourceTree = "<group>"; };
		875001061F21B1FE00D0E693 /* Info.plist */ = {isa = PBXFileReference; lastKnownFileType = text.plist.xml; path = Info.plist; sourceTree = "<group>"; };
/* End PBXFileReference section */

/* Begin PBXFrameworksBuildPhase section */
		875000F41F21B1FD00D0E693 /* Frameworks */ = {
			isa = PBXFrameworksBuildPhase;
			buildActionMask = 2147483647;
			files = (
			);
			runOnlyForDeploymentPostprocessing = 0;
		};
/* End PBXFrameworksBuildPhase section */

/* Begin PBXGroup section */
		875000EE1F21B1FD00D0E693 = {
			isa = PBXGroup;
			children = (
				875000F91F21B1FD00D0E693 /* CNContactPicker */,
				875000F81F21B1FD00D0E693 /* Products */,
			);
			sourceTree = "<group>";
		};
		875000F81F21B1FD00D0E693 /* Products */ = {
			isa = PBXGroup;
			children = (
				875000F71F21B1FD00D0E693 /* CNContactPicker.app */,
			);
			name = Products;
			sourceTree = "<group>";
		};
		875000F91F21B1FD00D0E693 /* CNContactPicker */ = {
			isa = PBXGroup;
			children = (
				875000FA1F21B1FE00D0E693 /* AppDelegate.swift */,
				875000FC1F21B1FE00D0E693 /* ViewController.swift */,
				875000FE1F21B1FE00D0E693 /* Main.storyboard */,
				875001011F21B1FE00D0E693 /* Assets.xcassets */,
				875001031F21B1FE00D0E693 /* LaunchScreen.storyboard */,
				875001061F21B1FE00D0E693 /* Info.plist */,
			);
			path = CNContactPicker;
			sourceTree = "<group>";
		};
/* End PBXGroup section */

/* Begin PBXNativeTarget section */
		875000F61F21B1FD00D0E693 /* CNContactPicker */ = {
			isa = PBXNativeTarget;
			buildConfigurationList = 875001091F21B1FE00D0E693 /* Build configuration list for PBXNativeTarget "CNContactPicker" */;
			buildPhases = (
				875000F31F21B1FD00D0E693 /* Sources */,
				875000F41F21B1FD00D0E693 /* Frameworks */,
				875000F51F21B1FD00D0E693 /* Resources */,
			);
			buildRules = (
			);
			dependencies = (
			);
			name = CNContactPicker;
			productName = CNContactPicker;
			productReference = 875000F71F21B1FD00D0E693 /* CNContactPicker.app */;
			productType = "com.apple.product-type.application";
		};
/* End PBXNativeTarget section */

/* Begin PBXProject section */
		875000EF1F21B1FD00D0E693 /* Project object */ = {
			isa = PBXProject;
			attributes = {
				LastSwiftUpdateCheck = 0830;
				LastUpgradeCheck = 0830;
				ORGANIZATIONNAME = linhcn;
				TargetAttributes = {
					875000F61F21B1FD00D0E693 = {
						CreatedOnToolsVersion = 8.3.2;
						ProvisioningStyle = Automatic;
					};
				};
			};
			buildConfigurationList = 875000F21F21B1FD00D0E693 /* Build configuration list for PBXProject "CNContactPicker" */;
			compatibilityVersion = "Xcode 3.2";
			developmentRegion = English;
			hasScannedForEncodings = 0;
			knownRegions = (
				en,
				Base,
			);
			mainGroup = 875000EE1F21B1FD00D0E693;
			productRefGroup = 875000F81F21B1FD00D0E693 /* Products */;
			projectDirPath = "";
			projectRoot = "";
			targets = (
				875000F61F21B1FD00D0E693 /* CNContactPicker */,
			);
		};
/* End PBXProject section */

/* Begin PBXResourcesBuildPhase section */
		875000F51F21B1FD00D0E693 /* Resources */ = {
			isa = PBXResourcesBuildPhase;
			buildActionMask = 2147483647;
			files = (
				875001051F21B1FE00D0E693 /* LaunchScreen.storyboard in Resources */,
				875001021F21B1FE00D0E693 /* Assets.xcassets in Resources */,
				875001001F21B1FE00D0E693 /* Main.storyboard in Resources */,
			);
			runOnlyForDeploymentPostprocessing = 0;
		};
/* End PBXResourcesBuildPhase section */

/* Begin PBXSourcesBuildPhase section */
		875000F31F21B1FD00D0E693 /* Sources */ = {
			isa = PBXSourcesBuildPhase;
			buildActionMask = 2147483647;
			files = (
				875000FD1F21B1FE00D0E693 /* ViewController.swift in Sources */,
				875000FB1F21B1FE00D0E693 /* AppDelegate.swift in Sources */,
			);
			runOnlyForDeploymentPostprocessing = 0;
		};
/* End PBXSourcesBuildPhase section */

/* Begin PBXVariantGroup section */
		875000FE1F21B1FE00D0E693 /* Main.storyboard */ = {
			isa = PBXVariantGroup;
			children = (
				875000FF1F21B1FE00D0E693 /* Base */,
			);
			name = Main.storyboard;
			sourceTree = "<group>";
		};
		875001031F21B1FE00D0E693 /* LaunchScreen.storyboard */ = {
			isa = PBXVariantGroup;
			children = (
				875001041F21B1FE00D0E693 /* Base */,
			);
			name = LaunchScreen.storyboard;
			sourceTree = "<group>";
		};
/* End PBXVariantGroup section */

/* Begin XCBuildConfiguration section */
		875001071F21B1FE00D0E693 /* Debug */ = {
			isa = XCBuildConfiguration;
			buildSettings = {
				ALWAYS_SEARCH_USER_PATHS = NO;
				CLANG_ANALYZER_NONNULL = YES;
				CLANG_ANALYZER_NUMBER_OBJECT_CONVERSION = YES_AGGRESSIVE;
				CLANG_CXX_LANGUAGE_STANDARD = "gnu++0x";
				CLANG_CXX_LIBRARY = "libc++";
				CLANG_ENABLE_MODULES = YES;
				CLANG_ENABLE_OBJC_ARC = YES;
				CLANG_WARN_BOOL_CONVERSION = YES;
				CLANG_WARN_CONSTANT_CONVERSION = YES;
				CLANG_WARN_DIRECT_OBJC_ISA_USAGE = YES_ERROR;
				CLANG_WARN_DOCUMENTATION_COMMENTS = YES;
				CLANG_WARN_EMPTY_BODY = YES;
				CLANG_WARN_ENUM_CONVERSION = YES;
				CLANG_WARN_INFINITE_RECURSION = YES;
				CLANG_WARN_INT_CONVERSION = YES;
				CLANG_WARN_OBJC_ROOT_CLASS = YES_ERROR;
				CLANG_WARN_SUSPICIOUS_MOVE = YES;
				CLANG_WARN_UNREACHABLE_CODE = YES;
				CLANG_WARN__DUPLICATE_METHOD_MATCH = YES;
				"CODE_SIGN_IDENTITY[sdk=iphoneos*]" = "iPhone Developer";
				COPY_PHASE_STRIP = NO;
				DEBUG_INFORMATION_FORMAT = dwarf;
				ENABLE_STRICT_OBJC_MSGSEND = YES;
				ENABLE_TESTABILITY = YES;
				GCC_C_LANGUAGE_STANDARD = gnu99;
				GCC_DYNAMIC_NO_PIC = NO;
				GCC_NO_COMMON_BLOCKS = YES;
				GCC_OPTIMIZATION_LEVEL = 0;
				GCC_PREPROCESSOR_DEFINITIONS = (
					"DEBUG=1",
					"$(inherited)",
				);
				GCC_WARN_64_TO_32_BIT_CONVERSION = YES;
				GCC_WARN_ABOUT_RETURN_TYPE = YES_ERROR;
				GCC_WARN_UNDECLARED_SELECTOR = YES;
				GCC_WARN_UNINITIALIZED_AUTOS = YES_AGGRESSIVE;
				GCC_WARN_UNUSED_FUNCTION = YES;
				GCC_WARN_UNUSED_VARIABLE = YES;
				IPHONEOS_DEPLOYMENT_TARGET = 10.3;
				MTL_ENABLE_DEBUG_INFO = YES;
				ONLY_ACTIVE_ARCH = YES;
				SDKROOT = iphoneos;
				SWIFT_ACTIVE_COMPILATION_CONDITIONS = DEBUG;
				SWIFT_OPTIMIZATION_LEVEL = "-Onone";
				TARGETED_DEVICE_FAMILY = "1,2";
			};
			name = Debug;
		};
		875001081F21B1FE00D0E693 /* Release */ = {
			isa = XCBuildConfiguration;
			buildSettings = {
				ALWAYS_SEARCH_USER_PATHS = NO;
				CLANG_ANALYZER_NONNULL = YES;
				CLANG_ANALYZER_NUMBER_OBJECT_CONVERSION = YES_AGGRESSIVE;
				CLANG_CXX_LANGUAGE_STANDARD = "gnu++0x";
				CLANG_CXX_LIBRARY = "libc++";
				CLANG_ENABLE_MODULES = YES;
				CLANG_ENABLE_OBJC_ARC = YES;
				CLANG_WARN_BOOL_CONVERSION = YES;
				CLANG_WARN_CONSTANT_CONVERSION = YES;
				CLANG_WARN_DIRECT_OBJC_ISA_USAGE = YES_ERROR;
				CLANG_WARN_DOCUMENTATION_COMMENTS = YES;
				CLANG_WARN_EMPTY_BODY = YES;
				CLANG_WARN_ENUM_CONVERSION = YES;
				CLANG_WARN_INFINITE_RECURSION = YES;
				CLANG_WARN_INT_CONVERSION = YES;
				CLANG_WARN_OBJC_ROOT_CLASS = YES_ERROR;
				CLANG_WARN_SUSPICIOUS_MOVE = YES;
				CLANG_WARN_UNREACHABLE_CODE = YES;
				CLANG_WARN__DUPLICATE_METHOD_MATCH = YES;
				"CODE_SIGN_IDENTITY[sdk=iphoneos*]" = "iPhone Developer";
				COPY_PHASE_STRIP = NO;
				DEBUG_INFORMATION_FORMAT = "dwarf-with-dsym";
				ENABLE_NS_ASSERTIONS = NO;
				ENABLE_STRICT_OBJC_MSGSEND = YES;
				GCC_C_LANGUAGE_STANDARD = gnu99;
				GCC_NO_COMMON_BLOCKS = YES;
				GCC_WARN_64_TO_32_BIT_CONVERSION = YES;
				GCC_WARN_ABOUT_RETURN_TYPE = YES_ERROR;
				GCC_WARN_UNDECLARED_SELECTOR = YES;
				GCC_WARN_UNINITIALIZED_AUTOS = YES_AGGRESSIVE;
				GCC_WARN_UNUSED_FUNCTION = YES;
				GCC_WARN_UNUSED_VARIABLE = YES;
				IPHONEOS_DEPLOYMENT_TARGET = 10.3;
				MTL_ENABLE_DEBUG_INFO = NO;
				SDKROOT = iphoneos;
				SWIFT_OPTIMIZATION_LEVEL = "-Owholemodule";
				TARGETED_DEVICE_FAMILY = "1,2";
				VALIDATE_PRODUCT = YES;
			};
			name = Release;
		};
		8750010A1F21B1FE00D0E693 /* Debug */ = {
			isa = XCBuildConfiguration;
			buildSettings = {
				ASSETCATALOG_COMPILER_APPICON_NAME = AppIcon;
				INFOPLIST_FILE = CNContactPicker/Info.plist;
				IPHONEOS_DEPLOYMENT_TARGET = 10.0;
				LD_RUNPATH_SEARCH_PATHS = "$(inherited) @executable_path/Frameworks";
				PRODUCT_BUNDLE_IDENTIFIER = au.com.linhcn.CNContactPicker;
				PRODUCT_NAME = "$(TARGET_NAME)";
				SWIFT_VERSION = 3.0;
			};
			name = Debug;
		};
		8750010B1F21B1FE00D0E693 /* Release */ = {
			isa = XCBuildConfiguration;
			buildSettings = {
				ASSETCATALOG_COMPILER_APPICON_NAME = AppIcon;
				INFOPLIST_FILE = CNContactPicker/Info.plist;
				IPHONEOS_DEPLOYMENT_TARGET = 10.0;
				LD_RUNPATH_SEARCH_PATHS = "$(inherited) @executable_path/Frameworks";
				PRODUCT_BUNDLE_IDENTIFIER = au.com.linhcn.CNContactPicker;
				PRODUCT_NAME = "$(TARGET_NAME)";
				SWIFT_VERSION = 3.0;
			};
			name = Release;
		};
/* End XCBuildConfiguration section */

/* Begin XCConfigurationList section */
		875000F21F21B1FD00D0E693 /* Build configuration list for PBXProject "CNContactPicker" */ = {
			isa = XCConfigurationList;
			buildConfigurations = (
				875001071F21B1FE00D0E693 /* Debug */,
				875001081F21B1FE00D0E693 /* Release */,
			);
			defaultConfigurationIsVisible = 0;
			defaultConfigurationName = Release;
		};
		875001091F21B1FE00D0E693 /* Build configuration list for PBXNativeTarget "CNContactPicker" */ = {
			isa = XCConfigurationList;
			buildConfigurations = (
				8750010A1F21B1FE00D0E693 /* Debug */,
				8750010B1F21B1FE00D0E693 /* Release */,
			);
			defaultConfigurationIsVisible = 0;
			defaultConfigurationName = Release;
		};
/* End XCConfigurationList section */
	};
	rootObject = 875000EF1F21B1FD00D0E693 /* Project object */;
}
