// !$*UTF8*$!
{
	archiveVersion = 1;
	classes = {
	};
	objectVersion = 46;
	objects = {

/* Begin PBXBuildFile section */
		87078C801F358484009C147A /* Main.storyboard in Resources */ = {isa = PBXBuildFile; fileRef = 87078C7E1F358484009C147A /* Main.storyboard */; };
		87078C821F358484009C147A /* Assets.xcassets in Resources */ = {isa = PBXBuildFile; fileRef = 87078C811F358484009C147A /* Assets.xcassets */; };
		87078C851F358484009C147A /* LaunchScreen.storyboard in Resources */ = {isa = PBXBuildFile; fileRef = 87078C831F358484009C147A /* LaunchScreen.storyboard */; };
		87078C921F3589D6009C147A /* AppStoryboard.swift in Sources */ = {isa = PBXBuildFile; fileRef = 87078C911F3589D6009C147A /* AppStoryboard.swift */; };
		87078C961F358A20009C147A /* AppDelegate.swift in Sources */ = {isa = PBXBuildFile; fileRef = 87078C951F358A20009C147A /* AppDelegate.swift */; };
		87078C981F358A2B009C147A /* ViewController.swift in Sources */ = {isa = PBXBuildFile; fileRef = 87078C971F358A2B009C147A /* ViewController.swift */; };
		87078C9B1F369CDB009C147A /* TableView.storyboard in Resources */ = {isa = PBXBuildFile; fileRef = 87078C991F369CDB009C147A /* TableView.storyboard */; };
		87078C9D1F369E95009C147A /* TableViewController.swift in Sources */ = {isa = PBXBuildFile; fileRef = 87078C9C1F369E95009C147A /* TableViewController.swift */; };
/* End PBXBuildFile section */

/* Begin PBXFileReference section */
		87078C771F358484009C147A /* SSamples.app */ = {isa = PBXFileReference; explicitFileType = wrapper.application; includeInIndex = 0; path = SSamples.app; sourceTree = BUILT_PRODUCTS_DIR; };
		87078C7F1F358484009C147A /* Base */ = {isa = PBXFileReference; lastKnownFileType = file.storyboard; name = Base; path = Base.lproj/Main.storyboard; sourceTree = "<group>"; };
		87078C811F358484009C147A /* Assets.xcassets */ = {isa = PBXFileReference; lastKnownFileType = folder.assetcatalog; path = Assets.xcassets; sourceTree = "<group>"; };
		87078C841F358484009C147A /* Base */ = {isa = PBXFileReference; lastKnownFileType = file.storyboard; name = Base; path = Base.lproj/LaunchScreen.storyboard; sourceTree = "<group>"; };
		87078C911F3589D6009C147A /* AppStoryboard.swift */ = {isa = PBXFileReference; fileEncoding = 4; lastKnownFileType = sourcecode.swift; name = AppStoryboard.swift; path = Common/AppStoryboard.swift; sourceTree = "<group>"; };
		87078C931F358A13009C147A /* Info.plist */ = {isa = PBXFileReference; fileEncoding = 4; lastKnownFileType = text.plist.xml; name = Info.plist; path = SupportingFiles/Info.plist; sourceTree = "<group>"; };
		87078C951F358A20009C147A /* AppDelegate.swift */ = {isa = PBXFileReference; fileEncoding = 4; lastKnownFileType = sourcecode.swift; name = AppDelegate.swift; path = Common/AppDelegate.swift; sourceTree = "<group>"; };
		87078C971F358A2B009C147A /* ViewController.swift */ = {isa = PBXFileReference; fileEncoding = 4; lastKnownFileType = sourcecode.swift; name = ViewController.swift; path = ViewControllers/ViewController.swift; sourceTree = "<group>"; };
		87078C9A1F369CDB009C147A /* Base */ = {isa = PBXFileReference; lastKnownFileType = file.storyboard; name = Base; path = Base.lproj/TableView.storyboard; sourceTree = "<group>"; };
		87078C9C1F369E95009C147A /* TableViewController.swift */ = {isa = PBXFileReference; fileEncoding = 4; lastKnownFileType = sourcecode.swift; name = TableViewController.swift; path = ViewControllers/TableViewController.swift; sourceTree = "<group>"; };
/* End PBXFileReference section */

/* Begin PBXFrameworksBuildPhase section */
		87078C741F358484009C147A /* Frameworks */ = {
			isa = PBXFrameworksBuildPhase;
			buildActionMask = 2147483647;
			files = (
			);
			runOnlyForDeploymentPostprocessing = 0;
		};
/* End PBXFrameworksBuildPhase section */

/* Begin PBXGroup section */
		87078C6E1F358484009C147A = {
			isa = PBXGroup;
			children = (
				87078C791F358484009C147A /* SSamples */,
				87078C781F358484009C147A /* Products */,
			);
			sourceTree = "<group>";
		};
		87078C781F358484009C147A /* Products */ = {
			isa = PBXGroup;
			children = (
				87078C771F358484009C147A /* SSamples.app */,
			);
			name = Products;
			sourceTree = "<group>";
		};
		87078C791F358484009C147A /* SSamples */ = {
			isa = PBXGroup;
			children = (
				87078C901F35860F009C147A /* Common */,
				87078C8E1F3584DB009C147A /* ViewControllers */,
				87078C8C1F3584B7009C147A /* Interfaces */,
				87078C8F1F35856B009C147A /* Resources */,
				87078C8D1F3584D1009C147A /* SupportingFiles */,
			);
			path = SSamples;
			sourceTree = "<group>";
		};
		87078C8C1F3584B7009C147A /* Interfaces */ = {
			isa = PBXGroup;
			children = (
				87078C831F358484009C147A /* LaunchScreen.storyboard */,
				87078C7E1F358484009C147A /* Main.storyboard */,
				87078C991F369CDB009C147A /* TableView.storyboard */,
			);
			name = Interfaces;
			sourceTree = "<group>";
		};
		87078C8D1F3584D1009C147A /* SupportingFiles */ = {
			isa = PBXGroup;
			children = (
				87078C931F358A13009C147A /* Info.plist */,
			);
			name = SupportingFiles;
			sourceTree = "<group>";
		};
		87078C8E1F3584DB009C147A /* ViewControllers */ = {
			isa = PBXGroup;
			children = (
				87078C971F358A2B009C147A /* ViewController.swift */,
				87078C9C1F369E95009C147A /* TableViewController.swift */,
			);
			name = ViewControllers;
			sourceTree = "<group>";
		};
		87078C8F1F35856B009C147A /* Resources */ = {
			isa = PBXGroup;
			children = (
				87078C811F358484009C147A /* Assets.xcassets */,
			);
			name = Resources;
			sourceTree = "<group>";
		};
		87078C901F35860F009C147A /* Common */ = {
			isa = PBXGroup;
			children = (
				87078C951F358A20009C147A /* AppDelegate.swift */,
				87078C911F3589D6009C147A /* AppStoryboard.swift */,
			);
			name = Common;
			sourceTree = "<group>";
		};
/* End PBXGroup section */

/* Begin PBXNativeTarget section */
		87078C761F358484009C147A /* SSamples */ = {
			isa = PBXNativeTarget;
			buildConfigurationList = 87078C891F358484009C147A /* Build configuration list for PBXNativeTarget "SSamples" */;
			buildPhases = (
				87078C731F358484009C147A /* Sources */,
				87078C741F358484009C147A /* Frameworks */,
				87078C751F358484009C147A /* Resources */,
			);
			buildRules = (
			);
			dependencies = (
			);
			name = SSamples;
			productName = SSamples;
			productReference = 87078C771F358484009C147A /* SSamples.app */;
			productType = "com.apple.product-type.application";
		};
/* End PBXNativeTarget section */

/* Begin PBXProject section */
		87078C6F1F358484009C147A /* Project object */ = {
			isa = PBXProject;
			attributes = {
				LastSwiftUpdateCheck = 0830;
				LastUpgradeCheck = 0830;
				ORGANIZATIONNAME = "Linh Chu";
				TargetAttributes = {
					87078C761F358484009C147A = {
						CreatedOnToolsVersion = 8.3.3;
						ProvisioningStyle = Automatic;
					};
				};
			};
			buildConfigurationList = 87078C721F358484009C147A /* Build configuration list for PBXProject "SSamples" */;
			compatibilityVersion = "Xcode 3.2";
			developmentRegion = English;
			hasScannedForEncodings = 0;
			knownRegions = (
				en,
				Base,
			);
			mainGroup = 87078C6E1F358484009C147A;
			productRefGroup = 87078C781F358484009C147A /* Products */;
			projectDirPath = "";
			projectRoot = "";
			targets = (
				87078C761F358484009C147A /* SSamples */,
			);
		};
/* End PBXProject section */

/* Begin PBXResourcesBuildPhase section */
		87078C751F358484009C147A /* Resources */ = {
			isa = PBXResourcesBuildPhase;
			buildActionMask = 2147483647;
			files = (
				87078C851F358484009C147A /* LaunchScreen.storyboard in Resources */,
				87078C821F358484009C147A /* Assets.xcassets in Resources */,
				87078C9B1F369CDB009C147A /* TableView.storyboard in Resources */,
				87078C801F358484009C147A /* Main.storyboard in Resources */,
			);
			runOnlyForDeploymentPostprocessing = 0;
		};
/* End PBXResourcesBuildPhase section */

/* Begin PBXSourcesBuildPhase section */
		87078C731F358484009C147A /* Sources */ = {
			isa = PBXSourcesBuildPhase;
			buildActionMask = 2147483647;
			files = (
				87078C981F358A2B009C147A /* ViewController.swift in Sources */,
				87078C961F358A20009C147A /* AppDelegate.swift in Sources */,
				87078C921F3589D6009C147A /* AppStoryboard.swift in Sources */,
				87078C9D1F369E95009C147A /* TableViewController.swift in Sources */,
			);
			runOnlyForDeploymentPostprocessing = 0;
		};
/* End PBXSourcesBuildPhase section */

/* Begin PBXVariantGroup section */
		87078C7E1F358484009C147A /* Main.storyboard */ = {
			isa = PBXVariantGroup;
			children = (
				87078C7F1F358484009C147A /* Base */,
			);
			name = Main.storyboard;
			sourceTree = "<group>";
		};
		87078C831F358484009C147A /* LaunchScreen.storyboard */ = {
			isa = PBXVariantGroup;
			children = (
				87078C841F358484009C147A /* Base */,
			);
			name = LaunchScreen.storyboard;
			sourceTree = "<group>";
		};
		87078C991F369CDB009C147A /* TableView.storyboard */ = {
			isa = PBXVariantGroup;
			children = (
				87078C9A1F369CDB009C147A /* Base */,
			);
			name = TableView.storyboard;
			sourceTree = "<group>";
		};
/* End PBXVariantGroup section */

/* Begin XCBuildConfiguration section */
		87078C871F358484009C147A /* Debug */ = {
			isa = XCBuildConfiguration;
			buildSettings = {
				ALWAYS_SEARCH_USER_PATHS = NO;
				CLANG_ANALYZER_NONNULL = YES;
				CLANG_ANALYZER_NUMBER_OBJECT_CONVERSION = YES_AGGRESSIVE;
				CLANG_CXX_LANGUAGE_STANDARD = "gnu++0x";
				CLANG_CXX_LIBRARY = "libc++";
				CLANG_ENABLE_MODULES = YES;
				CLANG_ENABLE_OBJC_ARC = YES;
				CLANG_WARN_BOOL_CONVERSION = YES;
				CLANG_WARN_CONSTANT_CONVERSION = YES;
				CLANG_WARN_DIRECT_OBJC_ISA_USAGE = YES_ERROR;
				CLANG_WARN_DOCUMENTATION_COMMENTS = YES;
				CLANG_WARN_EMPTY_BODY = YES;
				CLANG_WARN_ENUM_CONVERSION = YES;
				CLANG_WARN_INFINITE_RECURSION = YES;
				CLANG_WARN_INT_CONVERSION = YES;
				CLANG_WARN_OBJC_ROOT_CLASS = YES_ERROR;
				CLANG_WARN_SUSPICIOUS_MOVE = YES;
				CLANG_WARN_UNREACHABLE_CODE = YES;
				CLANG_WARN__DUPLICATE_METHOD_MATCH = YES;
				"CODE_SIGN_IDENTITY[sdk=iphoneos*]" = "iPhone Developer";
				COPY_PHASE_STRIP = NO;
				DEBUG_INFORMATION_FORMAT = dwarf;
				ENABLE_STRICT_OBJC_MSGSEND = YES;
				ENABLE_TESTABILITY = YES;
				GCC_C_LANGUAGE_STANDARD = gnu99;
				GCC_DYNAMIC_NO_PIC = NO;
				GCC_NO_COMMON_BLOCKS = YES;
				GCC_OPTIMIZATION_LEVEL = 0;
				GCC_PREPROCESSOR_DEFINITIONS = (
					"DEBUG=1",
					"$(inherited)",
				);
				GCC_WARN_64_TO_32_BIT_CONVERSION = YES;
				GCC_WARN_ABOUT_RETURN_TYPE = YES_ERROR;
				GCC_WARN_UNDECLARED_SELECTOR = YES;
				GCC_WARN_UNINITIALIZED_AUTOS = YES_AGGRESSIVE;
				GCC_WARN_UNUSED_FUNCTION = YES;
				GCC_WARN_UNUSED_VARIABLE = YES;
				IPHONEOS_DEPLOYMENT_TARGET = 10.3;
				MTL_ENABLE_DEBUG_INFO = YES;
				ONLY_ACTIVE_ARCH = YES;
				SDKROOT = iphoneos;
				SWIFT_ACTIVE_COMPILATION_CONDITIONS = DEBUG;
				SWIFT_OPTIMIZATION_LEVEL = "-Onone";
				TARGETED_DEVICE_FAMILY = "1,2";
			};
			name = Debug;
		};
		87078C881F358484009C147A /* Release */ = {
			isa = XCBuildConfiguration;
			buildSettings = {
				ALWAYS_SEARCH_USER_PATHS = NO;
				CLANG_ANALYZER_NONNULL = YES;
				CLANG_ANALYZER_NUMBER_OBJECT_CONVERSION = YES_AGGRESSIVE;
				CLANG_CXX_LANGUAGE_STANDARD = "gnu++0x";
				CLANG_CXX_LIBRARY = "libc++";
				CLANG_ENABLE_MODULES = YES;
				CLANG_ENABLE_OBJC_ARC = YES;
				CLANG_WARN_BOOL_CONVERSION = YES;
				CLANG_WARN_CONSTANT_CONVERSION = YES;
				CLANG_WARN_DIRECT_OBJC_ISA_USAGE = YES_ERROR;
				CLANG_WARN_DOCUMENTATION_COMMENTS = YES;
				CLANG_WARN_EMPTY_BODY = YES;
				CLANG_WARN_ENUM_CONVERSION = YES;
				CLANG_WARN_INFINITE_RECURSION = YES;
				CLANG_WARN_INT_CONVERSION = YES;
				CLANG_WARN_OBJC_ROOT_CLASS = YES_ERROR;
				CLANG_WARN_SUSPICIOUS_MOVE = YES;
				CLANG_WARN_UNREACHABLE_CODE = YES;
				CLANG_WARN__DUPLICATE_METHOD_MATCH = YES;
				"CODE_SIGN_IDENTITY[sdk=iphoneos*]" = "iPhone Developer";
				COPY_PHASE_STRIP = NO;
				DEBUG_INFORMATION_FORMAT = "dwarf-with-dsym";
				ENABLE_NS_ASSERTIONS = NO;
				ENABLE_STRICT_OBJC_MSGSEND = YES;
				GCC_C_LANGUAGE_STANDARD = gnu99;
				GCC_NO_COMMON_BLOCKS = YES;
				GCC_WARN_64_TO_32_BIT_CONVERSION = YES;
				GCC_WARN_ABOUT_RETURN_TYPE = YES_ERROR;
				GCC_WARN_UNDECLARED_SELECTOR = YES;
				GCC_WARN_UNINITIALIZED_AUTOS = YES_AGGRESSIVE;
				GCC_WARN_UNUSED_FUNCTION = YES;
				GCC_WARN_UNUSED_VARIABLE = YES;
				IPHONEOS_DEPLOYMENT_TARGET = 10.3;
				MTL_ENABLE_DEBUG_INFO = NO;
				SDKROOT = iphoneos;
				SWIFT_OPTIMIZATION_LEVEL = "-Owholemodule";
				TARGETED_DEVICE_FAMILY = "1,2";
				VALIDATE_PRODUCT = YES;
			};
			name = Release;
		};
		87078C8A1F358484009C147A /* Debug */ = {
			isa = XCBuildConfiguration;
			buildSettings = {
				ASSETCATALOG_COMPILER_APPICON_NAME = AppIcon;
				INFOPLIST_FILE = "$(SRCROOT)/SSamples/SupportingFiles/Info.plist";
				LD_RUNPATH_SEARCH_PATHS = "$(inherited) @executable_path/Frameworks";
				PRODUCT_BUNDLE_IDENTIFIER = com.linhchu.SSamples;
				PRODUCT_NAME = "$(TARGET_NAME)";
				SWIFT_VERSION = 3.0;
			};
			name = Debug;
		};
		87078C8B1F358484009C147A /* Release */ = {
			isa = XCBuildConfiguration;
			buildSettings = {
				ASSETCATALOG_COMPILER_APPICON_NAME = AppIcon;
				INFOPLIST_FILE = "$(SRCROOT)/SSamples/SupportingFiles/Info.plist";
				LD_RUNPATH_SEARCH_PATHS = "$(inherited) @executable_path/Frameworks";
				PRODUCT_BUNDLE_IDENTIFIER = com.linhchu.SSamples;
				PRODUCT_NAME = "$(TARGET_NAME)";
				SWIFT_VERSION = 3.0;
			};
			name = Release;
		};
/* End XCBuildConfiguration section */

/* Begin XCConfigurationList section */
		87078C721F358484009C147A /* Build configuration list for PBXProject "SSamples" */ = {
			isa = XCConfigurationList;
			buildConfigurations = (
				87078C871F358484009C147A /* Debug */,
				87078C881F358484009C147A /* Release */,
			);
			defaultConfigurationIsVisible = 0;
			defaultConfigurationName = Release;
		};
		87078C891F358484009C147A /* Build configuration list for PBXNativeTarget "SSamples" */ = {
			isa = XCConfigurationList;
			buildConfigurations = (
				87078C8A1F358484009C147A /* Debug */,
				87078C8B1F358484009C147A /* Release */,
			);
			defaultConfigurationIsVisible = 0;
		};
/* End XCConfigurationList section */
	};
	rootObject = 87078C6F1F358484009C147A /* Project object */;
}
